
Microsoft Visual Studio Solution File, Format Version 12.00
# Visual Studio Version 16
VisualStudioVersion = 16.0.32413.511
MinimumVisualStudioVersion = 10.0.40219.1
Project("{FAE04EC0-301F-11D3-BF4B-00C04F79EFBC}") = "WindowsFormsApp1", "WindowsFormsApp1\WindowsFormsApp1.csproj", "{FB6F8140-1827-4A98-87BE-8DB1CE5BE5C1}"
EndProject
Global
	GlobalSection(SolutionConfigurationPlatforms) = preSolution
		Debug|Any CPU = Debug|Any CPU
		Release|Any CPU = Release|Any CPU
	EndGlobalSection
	GlobalSection(ProjectConfigurationPlatforms) = postSolution
		{FB6F8140-1827-4A98-87BE-8DB1CE5BE5C1}.Debug|Any CPU.ActiveCfg = Debug|Any CPU
		{FB6F8140-1827-4A98-87BE-8DB1CE5BE5C1}.Debug|Any CPU.Build.0 = Debug|Any CPU
		{FB6F8140-1827-4A98-87BE-8DB1CE5BE5C1}.Release|Any CPU.ActiveCfg = Release|Any CPU
		{FB6F8140-1827-4A98-87BE-8DB1CE5BE5C1}.Release|Any CPU.Build.0 = Release|Any CPU
	EndGlobalSection
	GlobalSection(SolutionProperties) = preSolution
		HideSolutionNode = FALSE
	EndGlobalSection
	GlobalSection(ExtensibilityGlobals) = postSolution
		SolutionGuid = {568B3523-8EE5-45F0-BCB2-909269AD7E78}
	EndGlobalSection
EndGlobal
